{
  "version": 4,
  "terraform_version": "1.15.9",
  "serial": 3,
  "lineage": "3e606b72-bd18-b0fb-bbc1-38700bb826a4",
  "outputs": {
    "objectstorage_namespace": {
      "value": "grkmcm7puhc0",
      "type": "string"
    },
    "state_bucket": {
      "value": "pscloud-tfstate",
      "type": "string"
    }
  },
  "resources": [
    {
      "mode": "data",
      "type": "oci_objectstorage_namespace",
      "name": "this",
      "provider": "provider[\"registry.terraform.io/oracle/oci\"]",
      "instances": [
        {
          "schema_version": 0,
          "attributes": {
            "compartment_id": "ocid1.tenancy.oc1..aaaaaaaa5lalh56ffqq2aorknmx3aokh5pekgj5hkplpbroue6ljcpdwqrtq",
            "id": "ObjectStorageNamespaceDataSource-2316932659",
            "namespace": "grkmcm7puhc0"
          },
          "sensitive_attributes": [],
          "identity_schema_version": 0
        }
      ]
    },
    {
      "mode": "managed",
      "type": "oci_objectstorage_bucket",
      "name": "releases",
      "provider": "provider[\"registry.terraform.io/oracle/oci\"]",
      "instances": [
        {
          "schema_version": 0,
          "attributes": {
            "access_type": "NoPublicAccess",
            "approximate_count": "0",
            "approximate_size": "0",
            "auto_tiering": "Disabled",
            "bucket_id": "ocid1.bucket.oc1.sa-saopaulo-1.aaaaaaaapt4sbc2r573ixnw77fakrwkh2bqkjnltcp7pgshmxliajq2gc27a",
            "bucket_scope": "NAMESPACE",
            "compartment_id": "ocid1.tenancy.oc1..aaaaaaaa5lalh56ffqq2aorknmx3aokh5pekgj5hkplpbroue6ljcpdwqrtq",
            "created_by": "ocid1.user.oc1..aaaaaaaa3ytuhfk5qofzambibur7pb26nft446aahxlpviebcdp3kv3akafa",
            "defined_tags": {
              "Oracle-Tags.CreatedBy": "default/rafael@pontosys.com",
              "Oracle-Tags.CreatedOn": "2026-09-06T09:52:03.569Z"
            },
            "etag": "9281cf0d-d5df-4799-a303-ec1985cd9822",
            "freeform_tags": {},
            "id": "n/grkmcm7puhc0/b/pscloud-releases",
            "is_bucket_key_enabled": false,
            "is_read_only": false,
            "kms_key_id": null,
            "metadata": null,
            "name": "pscloud-releases",
            "namespace": "grkmcm7puhc0",
            "object_events_enabled": false,
            "object_lifecycle_policy_etag": null,
            "replication_enabled": false,
            "retention_rules": [],
            "storage_tier": "Standard",
            "time_created": "2026-09-06 09:52:03.58 +0000 UTC",
            "timeouts": null,
            "versioning": "Enabled"
          },
          "sensitive_attributes": [],
          "identity_schema_version": 0,
          "private": "eyJlMmJmYjczMC1lY2FhLTExZTYtOGY4OC0zNDM2M2JjN2M0YzAiOnsiY3JlYXRlIjoxMjAwMDAwMDAwMDAwLCJkZWxldGUiOjEyMDAwMDAwMDAwMDAsInVwZGF0ZSI6MTIwMDAwMDAwMDAwMH19",
          "dependencies": [
            "data.oci_objectstorage_namespace.this"
          ]
        }
      ]
    },
    {
      "mode": "managed",
      "type": "oci_objectstorage_bucket",
      "name": "state",
      "provider": "provider[\"registry.terraform.io/oracle/oci\"]",
      "instances": [
        {
          "schema_version": 0,
          "attributes": {
            "access_type": "NoPublicAccess",
            "approximate_count": "16",
            "approximate_size": "5415",
            "auto_tiering": "Disabled",
            "bucket_id": "ocid1.bucket.oc1.sa-saopaulo-1.aaaaaaaa3rl75np46t36pw3osfy3ya627bcg33lkwokxrlmplzolm4a34veq",
            "bucket_scope": "NAMESPACE",
            "compartment_id": "ocid1.tenancy.oc1..aaaaaaaa5lalh56ffqq2aorknmx3aokh5pekgj5hkplpbroue6ljcpdwqrtq",
            "created_by": "ocid1.user.oc1..aaaaaaaa3ytuhfk5qofzambibur7pb26nft446aahxlpviebcdp3kv3akafa",
            "defined_tags": {
              "Oracle-Tags.CreatedBy": "default/rafael@pontosys.com",
              "Oracle-Tags.CreatedOn": "2026-09-05T12:12:33.819Z"
            },
            "etag": "6d3d045f-ea85-47be-bf6c-dcab1044bb3e",
            "freeform_tags": {},
            "id": "n/grkmcm7puhc0/b/pscloud-tfstate",
            "is_bucket_key_enabled": false,
            "is_read_only": false,
            "kms_key_id": null,
            "metadata": {},
            "name": "pscloud-tfstate",
            "namespace": "grkmcm7puhc0",
            "object_events_enabled": false,
            "object_lifecycle_policy_etag": null,
            "replication_enabled": false,
            "retention_rules": [],
            "storage_tier": "Standard",
            "time_created": "2026-09-05 12:12:33.826 +0000 UTC",
            "timeouts": null,
            "versioning": "Enabled"
          },
          "sensitive_attributes": [],
          "identity_schema_version": 0,
          "private": "eyJlMmJmYjczMC1lY2FhLTExZTYtOGY4OC0zNDM2M2JjN2M0YzAiOnsiY3JlYXRlIjoxMjAwMDAwMDAwMDAwLCJkZWxldGUiOjEyMDAwMDAwMDAwMDAsInVwZGF0ZSI6MTIwMDAwMDAwMDAwMH19",
          "dependencies": [
            "data.oci_objectstorage_namespace.this"
          ]
        }
      ]
    }
  ],
  "check_results": null
}
